
Microsoft Visual Studio Solution File, Format Version 12.00
# Visual Studio 2012
Project("{FAE04EC0-301F-11D3-BF4B-00C04F79EFBC}") = "AngularTutotial", "AngularTutotial\AngularTutotial.csproj", "{EEC56F3E-6214-4C50-BC3F-A11D49FF574A}"
EndProject
Global
	GlobalSection(SolutionConfigurationPlatforms) = preSolution
		Debug|Any CPU = Debug|Any CPU
		Release|Any CPU = Release|Any CPU
	EndGlobalSection
	GlobalSection(ProjectConfigurationPlatforms) = postSolution
		{EEC56F3E-6214-4C50-BC3F-A11D49FF574A}.Debug|Any CPU.ActiveCfg = Debug|Any CPU
		{EEC56F3E-6214-4C50-BC3F-A11D49FF574A}.Debug|Any CPU.Build.0 = Debug|Any CPU
		{EEC56F3E-6214-4C50-BC3F-A11D49FF574A}.Release|Any CPU.ActiveCfg = Release|Any CPU
		{EEC56F3E-6214-4C50-BC3F-A11D49FF574A}.Release|Any CPU.Build.0 = Release|Any CPU
	EndGlobalSection
	GlobalSection(SolutionProperties) = preSolution
		HideSolutionNode = FALSE
	EndGlobalSection
EndGlobal
